
Microsoft Visual Studio Solution File, Format Version 12.00
# Visual Studio Version 17
VisualStudioVersion = 17.8.34330.188
MinimumVisualStudioVersion = 10.0.40219.1
Project("{2150E333-8FDC-42A3-9474-1A3956D46DE8}") = "src", "src", "{488CDFEB-C345-4D2A-BA8D-FB1DADD13476}"
EndProject
Project("{9A19103F-16F7-4668-BE54-9A1E7A4F7556}") = "DocsMan.Domain", "src\DocsMan.Domain\DocsMan.Domain.csproj", "{C640E7CB-023D-454D-9B3F-673F7369B88E}"
EndProject
Project("{9A19103F-16F7-4668-BE54-9A1E7A4F7556}") = "DocsMan.App", "src\DocsMan.App\DocsMan.App.csproj", "{06D41343-B5CC-472C-BE07-3586E53F56BA}"
EndProject
Project("{9A19103F-16F7-4668-BE54-9A1E7A4F7556}") = "DocsMan.Adapter", "src\DocsMan.Adapter\DocsMan.Adapter.csproj", "{7C2F5B97-14FC-422B-86C8-BDF9C52292E9}"
EndProject
Project("{9A19103F-16F7-4668-BE54-9A1E7A4F7556}") = "DocsMan.Blazor.Client", "src\DocsMan.Blazor\Client\DocsMan.Blazor.Client.csproj", "{1829FE50-9BE0-4FDE-B615-AE9041EF718A}"
EndProject
Project("{9A19103F-16F7-4668-BE54-9A1E7A4F7556}") = "DocsMan.Blazor.Server", "src\DocsMan.Blazor\Server\DocsMan.Blazor.Server.csproj", "{76344C50-7877-4878-B33F-58A6213EF4DA}"
EndProject
Project("{9A19103F-16F7-4668-BE54-9A1E7A4F7556}") = "DocsMan.Blazor.Shared", "src\DocsMan.Blazor\Shared\DocsMan.Blazor.Shared.csproj", "{64D5C59A-A610-48D3-989D-98CE10902261}"
EndProject
Global
	GlobalSection(SolutionConfigurationPlatforms) = preSolution
		Debug|Any CPU = Debug|Any CPU
		Release|Any CPU = Release|Any CPU
	EndGlobalSection
	GlobalSection(ProjectConfigurationPlatforms) = postSolution
		{C640E7CB-023D-454D-9B3F-673F7369B88E}.Debug|Any CPU.ActiveCfg = Debug|Any CPU
		{C640E7CB-023D-454D-9B3F-673F7369B88E}.Debug|Any CPU.Build.0 = Debug|Any CPU
		{C640E7CB-023D-454D-9B3F-673F7369B88E}.Release|Any CPU.ActiveCfg = Release|Any CPU
		{C640E7CB-023D-454D-9B3F-673F7369B88E}.Release|Any CPU.Build.0 = Release|Any CPU
		{06D41343-B5CC-472C-BE07-3586E53F56BA}.Debug|Any CPU.ActiveCfg = Debug|Any CPU
		{06D41343-B5CC-472C-BE07-3586E53F56BA}.Debug|Any CPU.Build.0 = Debug|Any CPU
		{06D41343-B5CC-472C-BE07-3586E53F56BA}.Release|Any CPU.ActiveCfg = Release|Any CPU
		{06D41343-B5CC-472C-BE07-3586E53F56BA}.Release|Any CPU.Build.0 = Release|Any CPU
		{7C2F5B97-14FC-422B-86C8-BDF9C52292E9}.Debug|Any CPU.ActiveCfg = Debug|Any CPU
		{7C2F5B97-14FC-422B-86C8-BDF9C52292E9}.Debug|Any CPU.Build.0 = Debug|Any CPU
		{7C2F5B97-14FC-422B-86C8-BDF9C52292E9}.Release|Any CPU.ActiveCfg = Release|Any CPU
		{7C2F5B97-14FC-422B-86C8-BDF9C52292E9}.Release|Any CPU.Build.0 = Release|Any CPU
		{1829FE50-9BE0-4FDE-B615-AE9041EF718A}.Debug|Any CPU.ActiveCfg = Debug|Any CPU
		{1829FE50-9BE0-4FDE-B615-AE9041EF718A}.Debug|Any CPU.Build.0 = Debug|Any CPU
		{1829FE50-9BE0-4FDE-B615-AE9041EF718A}.Release|Any CPU.ActiveCfg = Release|Any CPU
		{1829FE50-9BE0-4FDE-B615-AE9041EF718A}.Release|Any CPU.Build.0 = Release|Any CPU
		{76344C50-7877-4878-B33F-58A6213EF4DA}.Debug|Any CPU.ActiveCfg = Debug|Any CPU
		{76344C50-7877-4878-B33F-58A6213EF4DA}.Debug|Any CPU.Build.0 = Debug|Any CPU
		{76344C50-7877-4878-B33F-58A6213EF4DA}.Release|Any CPU.ActiveCfg = Release|Any CPU
		{76344C50-7877-4878-B33F-58A6213EF4DA}.Release|Any CPU.Build.0 = Release|Any CPU
		{64D5C59A-A610-48D3-989D-98CE10902261}.Debug|Any CPU.ActiveCfg = Debug|Any CPU
		{64D5C59A-A610-48D3-989D-98CE10902261}.Debug|Any CPU.Build.0 = Debug|Any CPU
		{64D5C59A-A610-48D3-989D-98CE10902261}.Release|Any CPU.ActiveCfg = Release|Any CPU
		{64D5C59A-A610-48D3-989D-98CE10902261}.Release|Any CPU.Build.0 = Release|Any CPU
	EndGlobalSection
	GlobalSection(SolutionProperties) = preSolution
		HideSolutionNode = FALSE
	EndGlobalSection
	GlobalSection(NestedProjects) = preSolution
		{C640E7CB-023D-454D-9B3F-673F7369B88E} = {488CDFEB-C345-4D2A-BA8D-FB1DADD13476}
		{06D41343-B5CC-472C-BE07-3586E53F56BA} = {488CDFEB-C345-4D2A-BA8D-FB1DADD13476}
		{7C2F5B97-14FC-422B-86C8-BDF9C52292E9} = {488CDFEB-C345-4D2A-BA8D-FB1DADD13476}
		{1829FE50-9BE0-4FDE-B615-AE9041EF718A} = {488CDFEB-C345-4D2A-BA8D-FB1DADD13476}
		{76344C50-7877-4878-B33F-58A6213EF4DA} = {488CDFEB-C345-4D2A-BA8D-FB1DADD13476}
		{64D5C59A-A610-48D3-989D-98CE10902261} = {488CDFEB-C345-4D2A-BA8D-FB1DADD13476}
	EndGlobalSection
	GlobalSection(ExtensibilityGlobals) = postSolution
		SolutionGuid = {982C5054-BE9F-4018-8652-A742AAEED085}
	EndGlobalSection
EndGlobal
