
Microsoft Visual Studio Solution File, Format Version 12.00
# Visual Studio Version 17
VisualStudioVersion = 17.8.34330.188
MinimumVisualStudioVersion = 10.0.40219.1
Project("{2150E333-8FDC-42A3-9474-1A3956D46DE8}") = "src", "src", "{488CDFEB-C345-4D2A-BA8D-FB1DADD13476}"
EndProject
Project("{FAE04EC0-301F-11D3-BF4B-00C04F79EFBC}") = "DocsMan.Domain", "DocsMan.Domain\DocsMan.Domain.csproj", "{EB80713D-C18F-4C1B-9C90-0C8D22513B0D}"
EndProject
Global
	GlobalSection(SolutionConfigurationPlatforms) = preSolution
		Debug|Any CPU = Debug|Any CPU
		Release|Any CPU = Release|Any CPU
	EndGlobalSection
	GlobalSection(ProjectConfigurationPlatforms) = postSolution
		{EB80713D-C18F-4C1B-9C90-0C8D22513B0D}.Debug|Any CPU.ActiveCfg = Debug|Any CPU
		{EB80713D-C18F-4C1B-9C90-0C8D22513B0D}.Debug|Any CPU.Build.0 = Debug|Any CPU
		{EB80713D-C18F-4C1B-9C90-0C8D22513B0D}.Release|Any CPU.ActiveCfg = Release|Any CPU
		{EB80713D-C18F-4C1B-9C90-0C8D22513B0D}.Release|Any CPU.Build.0 = Release|Any CPU
	EndGlobalSection
	GlobalSection(SolutionProperties) = preSolution
		HideSolutionNode = FALSE
	EndGlobalSection
	GlobalSection(NestedProjects) = preSolution
		{EB80713D-C18F-4C1B-9C90-0C8D22513B0D} = {488CDFEB-C345-4D2A-BA8D-FB1DADD13476}
	EndGlobalSection
	GlobalSection(ExtensibilityGlobals) = postSolution
		SolutionGuid = {982C5054-BE9F-4018-8652-A742AAEED085}
	EndGlobalSection
EndGlobal
